
Microsoft Visual Studio Solution File, Format Version 12.00
# Visual Studio 15
Project("{FAE04EC0-301F-11D3-BF4B-00C04F79EFBC}") = "UnityEngine.Advertisements", "UnityEngine.Advertisements.csproj", "{95B4EB4C-5B71-A4E0-DFCC-BB6220279FB4}"
EndProject
Project("{FAE04EC0-301F-11D3-BF4B-00C04F79EFBC}") = "Unity.Timeline", "Unity.Timeline.csproj", "{0E674A44-6F77-C829-6033-0B9E297CBDF0}"
EndProject
Project("{FAE04EC0-301F-11D3-BF4B-00C04F79EFBC}") = "Unity.Timeline.Editor", "Unity.Timeline.Editor.csproj", "{A318E0BE-C425-5E9A-083C-98CC8F437ED1}"
EndProject
Project("{FAE04EC0-301F-11D3-BF4B-00C04F79EFBC}") = "Unity.ShaderGraph.Editor", "Unity.ShaderGraph.Editor.csproj", "{78E171BB-7C8C-549E-48D6-6B553EB1A895}"
EndProject
Project("{FAE04EC0-301F-11D3-BF4B-00C04F79EFBC}") = "UnityEngine.Advertisements.Editor", "UnityEngine.Advertisements.Editor.csproj", "{20882805-8722-4510-D8EB-C07FC7A29D35}"
EndProject
Project("{FAE04EC0-301F-11D3-BF4B-00C04F79EFBC}") = "Unity.TextMeshPro.Editor", "Unity.TextMeshPro.Editor.csproj", "{7DCC03A7-0DC9-3209-21AD-61E52034FF26}"
EndProject
Project("{FAE04EC0-301F-11D3-BF4B-00C04F79EFBC}") = "Unity.Services.Core.Internal", "Unity.Services.Core.Internal.csproj", "{BB60A59C-3E8C-B263-57F0-633B0BE49B2C}"
EndProject
Project("{FAE04EC0-301F-11D3-BF4B-00C04F79EFBC}") = "Unity.VisualScripting.Flow", "Unity.VisualScripting.Flow.csproj", "{4EAB3513-F930-98A9-2962-4F05CE78A837}"
EndProject
Project("{FAE04EC0-301F-11D3-BF4B-00C04F79EFBC}") = "UnityEditor.UI", "UnityEditor.UI.csproj", "{C8D97942-1BCF-5BDD-ED17-B179ADE259C5}"
EndProject
Project("{FAE04EC0-301F-11D3-BF4B-00C04F79EFBC}") = "Unity.PlasticSCM.Editor", "Unity.PlasticSCM.Editor.csproj", "{C2361B2F-E1DB-E227-EBCB-ED09EEFD2776}"
EndProject
Project("{FAE04EC0-301F-11D3-BF4B-00C04F79EFBC}") = "Unity.RenderPipelines.Core.Runtime", "Unity.RenderPipelines.Core.Runtime.csproj", "{7858D752-6AFF-6925-CFA0-D2792FACFAE4}"
EndProject
Project("{FAE04EC0-301F-11D3-BF4B-00C04F79EFBC}") = "UnityEditor.Purchasing", "UnityEditor.Purchasing.csproj", "{D59865AE-5402-7948-6E10-52FBBC2CFA8E}"
EndProject
Project("{FAE04EC0-301F-11D3-BF4B-00C04F79EFBC}") = "Unity.VisualScripting.Core", "Unity.VisualScripting.Core.csproj", "{89A82F92-DCAA-D9D6-166F-1C7390997A86}"
EndProject
Project("{FAE04EC0-301F-11D3-BF4B-00C04F79EFBC}") = "Unity.RenderPipelines.Core.Editor", "Unity.RenderPipelines.Core.Editor.csproj", "{E296CBEF-B24B-4C17-84A6-B09A1FAFF6AC}"
EndProject
Project("{FAE04EC0-301F-11D3-BF4B-00C04F79EFBC}") = "Unity.VisualScripting.Core.Editor", "Unity.VisualScripting.Core.Editor.csproj", "{87416CA9-0D37-34A6-A994-E9C1ADA87A79}"
EndProject
Project("{FAE04EC0-301F-11D3-BF4B-00C04F79EFBC}") = "UnityEngine.Purchasing.Stores", "UnityEngine.Purchasing.Stores.csproj", "{BBEEDF09-AF77-091E-F20D-93377E60E50D}"
EndProject
Project("{FAE04EC0-301F-11D3-BF4B-00C04F79EFBC}") = "UnityEngine.Purchasing", "UnityEngine.Purchasing.csproj", "{0AEB5A67-771E-BE21-DF27-A183A0AFF43E}"
EndProject
Project("{FAE04EC0-301F-11D3-BF4B-00C04F79EFBC}") = "Unity.Services.Analytics", "Unity.Services.Analytics.csproj", "{3233858F-9B52-32A7-DF6D-5FEF448902B9}"
EndProject
Project("{FAE04EC0-301F-11D3-BF4B-00C04F79EFBC}") = "UnityEngine.Advertisements.DevX.Editor", "UnityEngine.Advertisements.DevX.Editor.csproj", "{DA1462D7-799C-098D-4F8D-387A7CC7732C}"
EndProject
Project("{FAE04EC0-301F-11D3-BF4B-00C04F79EFBC}") = "Unity.VisualScripting.Flow.Editor", "Unity.VisualScripting.Flow.Editor.csproj", "{14D1EC8D-EB60-201F-36E9-5B9A1EDE2B8F}"
EndProject
Project("{FAE04EC0-301F-11D3-BF4B-00C04F79EFBC}") = "UnityEditor.TestRunner", "UnityEditor.TestRunner.csproj", "{2E2D74DC-9FC0-CFE5-61DA-69D1873FB5E9}"
EndProject
Project("{FAE04EC0-301F-11D3-BF4B-00C04F79EFBC}") = "Unity.VisualScripting.SettingsProvider.Editor", "Unity.VisualScripting.SettingsProvider.Editor.csproj", "{1534D030-65D5-0AD8-B575-FD119F4E0284}"
EndProject
Project("{FAE04EC0-301F-11D3-BF4B-00C04F79EFBC}") = "UnityEngine.TestRunner", "UnityEngine.TestRunner.csproj", "{D12967D9-16D5-B09D-E449-FD6DE3157FF0}"
EndProject
Project("{FAE04EC0-301F-11D3-BF4B-00C04F79EFBC}") = "Unity.Searcher.Editor", "Unity.Searcher.Editor.csproj", "{C4533DA1-5FA1-ED62-E965-8F474689A105}"
EndProject
Project("{FAE04EC0-301F-11D3-BF4B-00C04F79EFBC}") = "Unity.Services.Core.Environments.Editor", "Unity.Services.Core.Environments.Editor.csproj", "{7267A25B-5931-8C6C-3EF7-E6FB5A5DF2D8}"
EndProject
Project("{FAE04EC0-301F-11D3-BF4B-00C04F79EFBC}") = "Unity.Services.Core.Editor", "Unity.Services.Core.Editor.csproj", "{444A1D8C-C03F-34BE-AA9A-8392061E7289}"
EndProject
Project("{FAE04EC0-301F-11D3-BF4B-00C04F79EFBC}") = "UnityEngine.UI", "UnityEngine.UI.csproj", "{F3B3A50F-7D46-3370-9421-796AE68656C4}"
EndProject
Project("{FAE04EC0-301F-11D3-BF4B-00C04F79EFBC}") = "Unity.VisualStudio.Editor", "Unity.VisualStudio.Editor.csproj", "{7A8F2032-AC3D-90CB-7AE0-88F136DAE1CB}"
EndProject
Project("{FAE04EC0-301F-11D3-BF4B-00C04F79EFBC}") = "Unity.TestTools.CodeCoverage.Editor.OpenCover.Model", "Unity.TestTools.CodeCoverage.Editor.OpenCover.Model.csproj", "{A911F52C-2901-E853-D411-C2C0FFE425E7}"
EndProject
Project("{FAE04EC0-301F-11D3-BF4B-00C04F79EFBC}") = "Unity.Rider.Editor", "Unity.Rider.Editor.csproj", "{2E5A3250-EFEF-BE0F-B588-B1F4BDE25568}"
EndProject
Project("{FAE04EC0-301F-11D3-BF4B-00C04F79EFBC}") = "Unity.Postprocessing.Runtime", "Unity.Postprocessing.Runtime.csproj", "{D6861086-B06F-3DDC-21B1-E7196A022E74}"
EndProject
Project("{FAE04EC0-301F-11D3-BF4B-00C04F79EFBC}") = "Unity.Services.Core.Environments.Internal", "Unity.Services.Core.Environments.Internal.csproj", "{D5C246A2-76FD-33CA-504B-6954F2141660}"
EndProject
Project("{FAE04EC0-301F-11D3-BF4B-00C04F79EFBC}") = "Unity.Services.Core.Telemetry", "Unity.Services.Core.Telemetry.csproj", "{6B596DFB-7C7D-68D0-A38B-BB92081A3C8D}"
EndProject
Project("{FAE04EC0-301F-11D3-BF4B-00C04F79EFBC}") = "Assembly-CSharp", "Assembly-CSharp.csproj", "{3181C416-51AF-C230-34A0-F4201DAA7288}"
EndProject
Project("{FAE04EC0-301F-11D3-BF4B-00C04F79EFBC}") = "UnityEngine.Purchasing.Codeless", "UnityEngine.Purchasing.Codeless.csproj", "{F90F2A3C-F293-1FB5-8A3A-58111930F876}"
EndProject
Project("{FAE04EC0-301F-11D3-BF4B-00C04F79EFBC}") = "Unity.Services.Core.Configuration", "Unity.Services.Core.Configuration.csproj", "{24AD7A87-3B5A-A879-7E73-C31B252617B4}"
EndProject
Project("{FAE04EC0-301F-11D3-BF4B-00C04F79EFBC}") = "Unity.VisualScripting.State.Editor", "Unity.VisualScripting.State.Editor.csproj", "{8E2F760A-9D7D-0005-C34A-5180415647A5}"
EndProject
Project("{FAE04EC0-301F-11D3-BF4B-00C04F79EFBC}") = "Unity.TestTools.CodeCoverage.Editor", "Unity.TestTools.CodeCoverage.Editor.csproj", "{F4CE5630-4F54-CE93-E645-34DFA4FDA6C6}"
EndProject
Project("{FAE04EC0-301F-11D3-BF4B-00C04F79EFBC}") = "Unity.Services.Core.Configuration.Editor", "Unity.Services.Core.Configuration.Editor.csproj", "{B92AF352-8D90-8138-C357-D9BADA4BC887}"
EndProject
Project("{FAE04EC0-301F-11D3-BF4B-00C04F79EFBC}") = "Unity.Services.Core", "Unity.Services.Core.csproj", "{D3956C76-5FA2-D9F0-2374-912DF265222F}"
EndProject
Project("{FAE04EC0-301F-11D3-BF4B-00C04F79EFBC}") = "Unity.Postprocessing.Editor", "Unity.Postprocessing.Editor.csproj", "{A35A4FE8-F34B-9EFA-10A0-A5E3865166C0}"
EndProject
Project("{FAE04EC0-301F-11D3-BF4B-00C04F79EFBC}") = "Unity.VisualScripting.State", "Unity.VisualScripting.State.csproj", "{AAA3FD42-426F-280F-5051-C2784A6E57DC}"
EndProject
Project("{FAE04EC0-301F-11D3-BF4B-00C04F79EFBC}") = "Unity.TextMeshPro", "Unity.TextMeshPro.csproj", "{93808834-ED87-03DA-C5D6-46B3C9E19945}"
EndProject
Project("{FAE04EC0-301F-11D3-BF4B-00C04F79EFBC}") = "Unity.Services.Core.Networking", "Unity.Services.Core.Networking.csproj", "{08B20B79-98D6-AD2F-A53D-E9CD78B9F0BB}"
EndProject
Project("{FAE04EC0-301F-11D3-BF4B-00C04F79EFBC}") = "Unity.Performance.Profile-Analyzer.Editor", "Unity.Performance.Profile-Analyzer.Editor.csproj", "{79898832-584F-64A2-8B31-20C6C3EA50DC}"
EndProject
Project("{FAE04EC0-301F-11D3-BF4B-00C04F79EFBC}") = "Unity.Services.Core.Scheduler", "Unity.Services.Core.Scheduler.csproj", "{76827885-563F-F261-F2A4-046F9E755FEC}"
EndProject
Project("{FAE04EC0-301F-11D3-BF4B-00C04F79EFBC}") = "Unity.Services.Analytics.Editor", "Unity.Services.Analytics.Editor.csproj", "{9AEF2534-D5E6-6DC9-DEBF-2B6985C4EBDC}"
EndProject
Project("{FAE04EC0-301F-11D3-BF4B-00C04F79EFBC}") = "Unity.VSCode.Editor", "Unity.VSCode.Editor.csproj", "{2CF07906-583F-885D-E2B0-EBC7EE336D27}"
EndProject
Project("{FAE04EC0-301F-11D3-BF4B-00C04F79EFBC}") = "Unity.TestTools.CodeCoverage.Editor.OpenCover.Mono.Reflection", "Unity.TestTools.CodeCoverage.Editor.OpenCover.Mono.Reflection.csproj", "{BD710FB6-BBB1-BFC0-1649-A5CB7E2C4B4F}"
EndProject
Project("{FAE04EC0-301F-11D3-BF4B-00C04F79EFBC}") = "UnityEngine.Purchasing.AppleMacosStub", "UnityEngine.Purchasing.AppleMacosStub.csproj", "{615F839E-5E13-8DE2-0A75-2591D95DB2E2}"
EndProject
Project("{FAE04EC0-301F-11D3-BF4B-00C04F79EFBC}") = "Unity.Analytics.DataPrivacy", "Unity.Analytics.DataPrivacy.csproj", "{A4BC8F2F-4F23-0895-B51D-5A64E956B55D}"
EndProject
Project("{FAE04EC0-301F-11D3-BF4B-00C04F79EFBC}") = "UnityEngine.Purchasing.SecurityStub", "UnityEngine.Purchasing.SecurityStub.csproj", "{31C6C03B-F13C-84EF-7D73-E34B0530C257}"
EndProject
Project("{FAE04EC0-301F-11D3-BF4B-00C04F79EFBC}") = "Unity.Settings.Editor", "Unity.Settings.Editor.csproj", "{B842C04C-564B-246F-CDB4-1066EE2DCB1A}"
EndProject
Project("{FAE04EC0-301F-11D3-BF4B-00C04F79EFBC}") = "Unity.Services.Core.Registration", "Unity.Services.Core.Registration.csproj", "{EBD70BA9-A2F0-68E9-D051-C0EF63EC0176}"
EndProject
Project("{FAE04EC0-301F-11D3-BF4B-00C04F79EFBC}") = "UnityEngine.Purchasing.SecurityCore", "UnityEngine.Purchasing.SecurityCore.csproj", "{DC3E44B9-91F6-8066-5BC6-122ACE74DB33}"
EndProject
Project("{FAE04EC0-301F-11D3-BF4B-00C04F79EFBC}") = "UnityEngine.Purchasing.WinRTStub", "UnityEngine.Purchasing.WinRTStub.csproj", "{F28FF5FB-95B4-74AB-796C-26478FF04B86}"
EndProject
Project("{FAE04EC0-301F-11D3-BF4B-00C04F79EFBC}") = "Unity.Services.Core.Analytics", "Unity.Services.Core.Analytics.csproj", "{D0036EE2-D0DE-32E7-3359-8F291FB548B1}"
EndProject
Project("{FAE04EC0-301F-11D3-BF4B-00C04F79EFBC}") = "Unity.ShaderGraph.Utilities", "Unity.ShaderGraph.Utilities.csproj", "{22088AC2-C10D-B4AD-7BA5-0C9F7A1E0FED}"
EndProject
Project("{FAE04EC0-301F-11D3-BF4B-00C04F79EFBC}") = "Unity.Services.Core.Threading", "Unity.Services.Core.Threading.csproj", "{C3665C7D-4E1B-4B2A-4865-C2FB8AB40BA2}"
EndProject
Project("{FAE04EC0-301F-11D3-BF4B-00C04F79EFBC}") = "UnityEngine.Purchasing.AppleStub", "UnityEngine.Purchasing.AppleStub.csproj", "{6BF796CA-4ED2-8657-FC12-5270D135076C}"
EndProject
Project("{FAE04EC0-301F-11D3-BF4B-00C04F79EFBC}") = "Unity.EditorCoroutines.Editor", "Unity.EditorCoroutines.Editor.csproj", "{E6EB8C31-6AEB-385E-AF66-7A1E6113C2F2}"
EndProject
Project("{FAE04EC0-301F-11D3-BF4B-00C04F79EFBC}") = "Unity.Services.Core.Device", "Unity.Services.Core.Device.csproj", "{2B4A9BCD-6C1C-B198-FCAD-577B8A9C5C21}"
EndProject
Project("{FAE04EC0-301F-11D3-BF4B-00C04F79EFBC}") = "UnityEngine.Purchasing.WinRTCore", "UnityEngine.Purchasing.WinRTCore.csproj", "{0D93D067-C1D7-4023-626F-079AC9FE839C}"
EndProject
Project("{FAE04EC0-301F-11D3-BF4B-00C04F79EFBC}") = "Purchasing.Common", "Purchasing.Common.csproj", "{24F96E46-252E-CCE6-AF16-D614E634FE88}"
EndProject
Project("{FAE04EC0-301F-11D3-BF4B-00C04F79EFBC}") = "Unity.Services.Core.Environments", "Unity.Services.Core.Environments.csproj", "{3939630A-6E42-4527-BBA2-E7EB2E63B192}"
EndProject
Project("{FAE04EC0-301F-11D3-BF4B-00C04F79EFBC}") = "UnityEngine.Purchasing.AppleCore", "UnityEngine.Purchasing.AppleCore.csproj", "{EEBBE74A-9304-EC6E-0C46-139E244244D1}"
EndProject
Project("{FAE04EC0-301F-11D3-BF4B-00C04F79EFBC}") = "Unity.VisualScripting.Shared.Editor", "Unity.VisualScripting.Shared.Editor.csproj", "{C4F71C6A-418B-994F-5742-08BC8C9E9A0D}"
EndProject
Project("{FAE04EC0-301F-11D3-BF4B-00C04F79EFBC}") = "Unity.CollabProxy.Editor", "Unity.CollabProxy.Editor.csproj", "{68FDC9DD-0CE5-E42A-4CC8-1A1DA46CDFFF}"
EndProject
Project("{FAE04EC0-301F-11D3-BF4B-00C04F79EFBC}") = "Unity.RenderPipelines.ShaderGraph.ShaderGraphLibrary", "Unity.RenderPipelines.ShaderGraph.ShaderGraphLibrary.csproj", "{A6D680E0-3519-5007-0414-F1B52032DCF3}"
EndProject
Project("{FAE04EC0-301F-11D3-BF4B-00C04F79EFBC}") = "Unity.RenderPipelines.Core.ShaderLibrary", "Unity.RenderPipelines.Core.ShaderLibrary.csproj", "{4AEEE973-6B48-32CF-68AD-A2FDF3359FE3}"
EndProject
Project("{FAE04EC0-301F-11D3-BF4B-00C04F79EFBC}") = "Analytics", "Analytics.csproj", "{B51A1485-8396-F922-AD24-C8DB9B931F9F}"
EndProject
Project("{FAE04EC0-301F-11D3-BF4B-00C04F79EFBC}") = "UnityEngine.Advertisements", "UnityEngine.Advertisements.Player.csproj", "{F9308BF0-B8C3-DF99-86B4-DDA3F8583563}"
EndProject
Project("{FAE04EC0-301F-11D3-BF4B-00C04F79EFBC}") = "Unity.Timeline", "Unity.Timeline.Player.csproj", "{37CC05A6-E007-218B-9273-EF52CB5EC4DF}"
EndProject
Project("{FAE04EC0-301F-11D3-BF4B-00C04F79EFBC}") = "Unity.Services.Core.Internal", "Unity.Services.Core.Internal.Player.csproj", "{78168A0F-D2F1-68C9-B4BD-86E52315B944}"
EndProject
Project("{FAE04EC0-301F-11D3-BF4B-00C04F79EFBC}") = "Unity.VisualScripting.Flow", "Unity.VisualScripting.Flow.Player.csproj", "{3669E54E-DA34-DD64-6C92-3A82677F4B95}"
EndProject
Project("{FAE04EC0-301F-11D3-BF4B-00C04F79EFBC}") = "Unity.RenderPipelines.Core.Runtime", "Unity.RenderPipelines.Core.Runtime.Player.csproj", "{B62081AD-B225-E037-522D-82BEFB8473CB}"
EndProject
Project("{FAE04EC0-301F-11D3-BF4B-00C04F79EFBC}") = "Unity.VisualScripting.Core", "Unity.VisualScripting.Core.Player.csproj", "{DE5E3045-6890-EF8F-38B9-721E448E4911}"
EndProject
Project("{FAE04EC0-301F-11D3-BF4B-00C04F79EFBC}") = "UnityEngine.Purchasing.Stores", "UnityEngine.Purchasing.Stores.Player.csproj", "{8728522B-1E1C-E759-2B53-B28FE9B65E3C}"
EndProject
Project("{FAE04EC0-301F-11D3-BF4B-00C04F79EFBC}") = "UnityEngine.Purchasing", "UnityEngine.Purchasing.Player.csproj", "{26B94CB5-2D01-43D9-EAEB-5D54C54A9711}"
EndProject
Project("{FAE04EC0-301F-11D3-BF4B-00C04F79EFBC}") = "Unity.Services.Analytics", "Unity.Services.Analytics.Player.csproj", "{C1A09B16-2AF5-3BBC-52A0-FE6EEBC9B4A1}"
EndProject
Project("{FAE04EC0-301F-11D3-BF4B-00C04F79EFBC}") = "UnityEngine.TestRunner", "UnityEngine.TestRunner.Player.csproj", "{66AC7636-FED5-B72B-9FE0-08D83E90014B}"
EndProject
Project("{FAE04EC0-301F-11D3-BF4B-00C04F79EFBC}") = "UnityEngine.UI", "UnityEngine.UI.Player.csproj", "{2BFA8F7E-36AE-4776-7918-2617EB3D2F1E}"
EndProject
Project("{FAE04EC0-301F-11D3-BF4B-00C04F79EFBC}") = "Unity.Postprocessing.Runtime", "Unity.Postprocessing.Runtime.Player.csproj", "{31746F00-C5F8-C819-3E39-E141D534DA67}"
EndProject
Project("{FAE04EC0-301F-11D3-BF4B-00C04F79EFBC}") = "Unity.Services.Core.Environments.Internal", "Unity.Services.Core.Environments.Internal.Player.csproj", "{40E9BCF9-EDE8-4A38-2D25-9D701922832E}"
EndProject
Project("{FAE04EC0-301F-11D3-BF4B-00C04F79EFBC}") = "Unity.Services.Core.Telemetry", "Unity.Services.Core.Telemetry.Player.csproj", "{85863AB7-D4BD-C45F-F71C-B780EFBE9D25}"
EndProject
Project("{FAE04EC0-301F-11D3-BF4B-00C04F79EFBC}") = "Assembly-CSharp", "Assembly-CSharp.Player.csproj", "{B6D1718E-9E1B-B5EE-858B-714A45AE37CC}"
EndProject
Project("{FAE04EC0-301F-11D3-BF4B-00C04F79EFBC}") = "UnityEngine.Purchasing.Codeless", "UnityEngine.Purchasing.Codeless.Player.csproj", "{45141AD7-2955-D51C-57FB-0A8FA54A58FD}"
EndProject
Project("{FAE04EC0-301F-11D3-BF4B-00C04F79EFBC}") = "Unity.Services.Core.Configuration", "Unity.Services.Core.Configuration.Player.csproj", "{E0757AE3-CFE3-ED26-7B02-FC28BF1AFA80}"
EndProject
Project("{FAE04EC0-301F-11D3-BF4B-00C04F79EFBC}") = "Unity.Services.Core", "Unity.Services.Core.Player.csproj", "{FE945DF5-D631-D6B3-3730-7C72D34D173C}"
EndProject
Project("{FAE04EC0-301F-11D3-BF4B-00C04F79EFBC}") = "Unity.VisualScripting.State", "Unity.VisualScripting.State.Player.csproj", "{B9AAE61A-AB24-9170-A940-6973F2E70000}"
EndProject
Project("{FAE04EC0-301F-11D3-BF4B-00C04F79EFBC}") = "Unity.TextMeshPro", "Unity.TextMeshPro.Player.csproj", "{2BCD17A1-6377-D1D3-6964-A3E4ECABCF55}"
EndProject
Project("{FAE04EC0-301F-11D3-BF4B-00C04F79EFBC}") = "Unity.Services.Core.Networking", "Unity.Services.Core.Networking.Player.csproj", "{C1F83500-884B-4ECB-AE18-50294AC58813}"
EndProject
Project("{FAE04EC0-301F-11D3-BF4B-00C04F79EFBC}") = "Unity.Services.Core.Scheduler", "Unity.Services.Core.Scheduler.Player.csproj", "{12D802B2-49C9-CB9D-C587-EA3CF0F5D4B8}"
EndProject
Project("{FAE04EC0-301F-11D3-BF4B-00C04F79EFBC}") = "UnityEngine.Purchasing.AppleMacosStub", "UnityEngine.Purchasing.AppleMacosStub.Player.csproj", "{3592CF45-990A-BE58-F372-13AB3FE596DE}"
EndProject
Project("{FAE04EC0-301F-11D3-BF4B-00C04F79EFBC}") = "Unity.Analytics.DataPrivacy", "Unity.Analytics.DataPrivacy.Player.csproj", "{E890A62B-9B86-104F-06B4-10D8A0CDF853}"
EndProject
Project("{FAE04EC0-301F-11D3-BF4B-00C04F79EFBC}") = "UnityEngine.Purchasing.SecurityStub", "UnityEngine.Purchasing.SecurityStub.Player.csproj", "{29657ACF-D734-4105-0067-FFC3B1100D34}"
EndProject
Project("{FAE04EC0-301F-11D3-BF4B-00C04F79EFBC}") = "Unity.Services.Core.Registration", "Unity.Services.Core.Registration.Player.csproj", "{7FC3606F-6034-72CE-9A08-A66BAE47D6C1}"
EndProject
Project("{FAE04EC0-301F-11D3-BF4B-00C04F79EFBC}") = "UnityEngine.Purchasing.SecurityCore", "UnityEngine.Purchasing.SecurityCore.Player.csproj", "{BFAB3233-6138-C46F-A39E-80CBFEB8AFB8}"
EndProject
Project("{FAE04EC0-301F-11D3-BF4B-00C04F79EFBC}") = "UnityEngine.Purchasing.WinRTStub", "UnityEngine.Purchasing.WinRTStub.Player.csproj", "{0BAC3DB7-506B-6951-2B81-178E83D4C767}"
EndProject
Project("{FAE04EC0-301F-11D3-BF4B-00C04F79EFBC}") = "Unity.Services.Core.Analytics", "Unity.Services.Core.Analytics.Player.csproj", "{D31B85D9-A4BE-246C-21B5-77B942A1C0CB}"
EndProject
Project("{FAE04EC0-301F-11D3-BF4B-00C04F79EFBC}") = "Unity.Services.Core.Threading", "Unity.Services.Core.Threading.Player.csproj", "{82D5C46E-89D2-19F8-E193-8CD2A2B09D55}"
EndProject
Project("{FAE04EC0-301F-11D3-BF4B-00C04F79EFBC}") = "UnityEngine.Purchasing.AppleStub", "UnityEngine.Purchasing.AppleStub.Player.csproj", "{0C52E89F-F5E1-D07F-94AB-903DB2DEC33B}"
EndProject
Project("{FAE04EC0-301F-11D3-BF4B-00C04F79EFBC}") = "Unity.Services.Core.Device", "Unity.Services.Core.Device.Player.csproj", "{7B2693C7-3A01-065E-D8F4-9E824B5CCDF8}"
EndProject
Project("{FAE04EC0-301F-11D3-BF4B-00C04F79EFBC}") = "UnityEngine.Purchasing.WinRTCore", "UnityEngine.Purchasing.WinRTCore.Player.csproj", "{6CBA5843-2136-4780-4545-A698FFA8C4AF}"
EndProject
Project("{FAE04EC0-301F-11D3-BF4B-00C04F79EFBC}") = "Purchasing.Common", "Purchasing.Common.Player.csproj", "{DB442881-F534-8287-8120-5AC3EBF69417}"
EndProject
Project("{FAE04EC0-301F-11D3-BF4B-00C04F79EFBC}") = "Unity.Services.Core.Environments", "Unity.Services.Core.Environments.Player.csproj", "{58F23D49-CA8E-D4FB-59B8-E04374BD70A4}"
EndProject
Project("{FAE04EC0-301F-11D3-BF4B-00C04F79EFBC}") = "UnityEngine.Purchasing.AppleCore", "UnityEngine.Purchasing.AppleCore.Player.csproj", "{97770AEC-FC08-8311-B67A-8AF514088096}"
EndProject
Project("{FAE04EC0-301F-11D3-BF4B-00C04F79EFBC}") = "Unity.RenderPipelines.ShaderGraph.ShaderGraphLibrary", "Unity.RenderPipelines.ShaderGraph.ShaderGraphLibrary.Player.csproj", "{66F63ACC-8D76-9949-F939-3F60FFFC06C0}"
EndProject
Project("{FAE04EC0-301F-11D3-BF4B-00C04F79EFBC}") = "Unity.RenderPipelines.Core.ShaderLibrary", "Unity.RenderPipelines.Core.ShaderLibrary.Player.csproj", "{ADDAB305-20BC-61E1-9591-7FFA7F96C9D5}"
EndProject
Global
	GlobalSection(SolutionConfigurationPlatforms) = preSolution
		Debug|Any CPU = Debug|Any CPU
		Release|Any CPU = Release|Any CPU
	EndGlobalSection
	GlobalSection(ProjectConfigurationPlatforms) = postSolution
		{95B4EB4C-5B71-A4E0-DFCC-BB6220279FB4}.Debug|Any CPU.ActiveCfg = Debug|Any CPU
		{95B4EB4C-5B71-A4E0-DFCC-BB6220279FB4}.Debug|Any CPU.Build.0 = Debug|Any CPU
		{95B4EB4C-5B71-A4E0-DFCC-BB6220279FB4}.Release|Any CPU.ActiveCfg = Release|Any CPU
		{95B4EB4C-5B71-A4E0-DFCC-BB6220279FB4}.Release|Any CPU.Build.0 = Release|Any CPU
		{0E674A44-6F77-C829-6033-0B9E297CBDF0}.Debug|Any CPU.ActiveCfg = Debug|Any CPU
		{0E674A44-6F77-C829-6033-0B9E297CBDF0}.Debug|Any CPU.Build.0 = Debug|Any CPU
		{0E674A44-6F77-C829-6033-0B9E297CBDF0}.Release|Any CPU.ActiveCfg = Release|Any CPU
		{0E674A44-6F77-C829-6033-0B9E297CBDF0}.Release|Any CPU.Build.0 = Release|Any CPU
		{A318E0BE-C425-5E9A-083C-98CC8F437ED1}.Debug|Any CPU.ActiveCfg = Debug|Any CPU
		{A318E0BE-C425-5E9A-083C-98CC8F437ED1}.Debug|Any CPU.Build.0 = Debug|Any CPU
		{A318E0BE-C425-5E9A-083C-98CC8F437ED1}.Release|Any CPU.ActiveCfg = Release|Any CPU
		{A318E0BE-C425-5E9A-083C-98CC8F437ED1}.Release|Any CPU.Build.0 = Release|Any CPU
		{78E171BB-7C8C-549E-48D6-6B553EB1A895}.Debug|Any CPU.ActiveCfg = Debug|Any CPU
		{78E171BB-7C8C-549E-48D6-6B553EB1A895}.Debug|Any CPU.Build.0 = Debug|Any CPU
		{78E171BB-7C8C-549E-48D6-6B553EB1A895}.Release|Any CPU.ActiveCfg = Release|Any CPU
		{78E171BB-7C8C-549E-48D6-6B553EB1A895}.Release|Any CPU.Build.0 = Release|Any CPU
		{20882805-8722-4510-D8EB-C07FC7A29D35}.Debug|Any CPU.ActiveCfg = Debug|Any CPU
		{20882805-8722-4510-D8EB-C07FC7A29D35}.Debug|Any CPU.Build.0 = Debug|Any CPU
		{20882805-8722-4510-D8EB-C07FC7A29D35}.Release|Any CPU.ActiveCfg = Release|Any CPU
		{20882805-8722-4510-D8EB-C07FC7A29D35}.Release|Any CPU.Build.0 = Release|Any CPU
		{7DCC03A7-0DC9-3209-21AD-61E52034FF26}.Debug|Any CPU.ActiveCfg = Debug|Any CPU
		{7DCC03A7-0DC9-3209-21AD-61E52034FF26}.Debug|Any CPU.Build.0 = Debug|Any CPU
		{7DCC03A7-0DC9-3209-21AD-61E52034FF26}.Release|Any CPU.ActiveCfg = Release|Any CPU
		{7DCC03A7-0DC9-3209-21AD-61E52034FF26}.Release|Any CPU.Build.0 = Release|Any CPU
		{BB60A59C-3E8C-B263-57F0-633B0BE49B2C}.Debug|Any CPU.ActiveCfg = Debug|Any CPU
		{BB60A59C-3E8C-B263-57F0-633B0BE49B2C}.Debug|Any CPU.Build.0 = Debug|Any CPU
		{BB60A59C-3E8C-B263-57F0-633B0BE49B2C}.Release|Any CPU.ActiveCfg = Release|Any CPU
		{BB60A59C-3E8C-B263-57F0-633B0BE49B2C}.Release|Any CPU.Build.0 = Release|Any CPU
		{4EAB3513-F930-98A9-2962-4F05CE78A837}.Debug|Any CPU.ActiveCfg = Debug|Any CPU
		{4EAB3513-F930-98A9-2962-4F05CE78A837}.Debug|Any CPU.Build.0 = Debug|Any CPU
		{4EAB3513-F930-98A9-2962-4F05CE78A837}.Release|Any CPU.ActiveCfg = Release|Any CPU
		{4EAB3513-F930-98A9-2962-4F05CE78A837}.Release|Any CPU.Build.0 = Release|Any CPU
		{C8D97942-1BCF-5BDD-ED17-B179ADE259C5}.Debug|Any CPU.ActiveCfg = Debug|Any CPU
		{C8D97942-1BCF-5BDD-ED17-B179ADE259C5}.Debug|Any CPU.Build.0 = Debug|Any CPU
		{C8D97942-1BCF-5BDD-ED17-B179ADE259C5}.Release|Any CPU.ActiveCfg = Release|Any CPU
		{C8D97942-1BCF-5BDD-ED17-B179ADE259C5}.Release|Any CPU.Build.0 = Release|Any CPU
		{C2361B2F-E1DB-E227-EBCB-ED09EEFD2776}.Debug|Any CPU.ActiveCfg = Debug|Any CPU
		{C2361B2F-E1DB-E227-EBCB-ED09EEFD2776}.Debug|Any CPU.Build.0 = Debug|Any CPU
		{C2361B2F-E1DB-E227-EBCB-ED09EEFD2776}.Release|Any CPU.ActiveCfg = Release|Any CPU
		{C2361B2F-E1DB-E227-EBCB-ED09EEFD2776}.Release|Any CPU.Build.0 = Release|Any CPU
		{7858D752-6AFF-6925-CFA0-D2792FACFAE4}.Debug|Any CPU.ActiveCfg = Debug|Any CPU
		{7858D752-6AFF-6925-CFA0-D2792FACFAE4}.Debug|Any CPU.Build.0 = Debug|Any CPU
		{7858D752-6AFF-6925-CFA0-D2792FACFAE4}.Release|Any CPU.ActiveCfg = Release|Any CPU
		{7858D752-6AFF-6925-CFA0-D2792FACFAE4}.Release|Any CPU.Build.0 = Release|Any CPU
		{D59865AE-5402-7948-6E10-52FBBC2CFA8E}.Debug|Any CPU.ActiveCfg = Debug|Any CPU
		{D59865AE-5402-7948-6E10-52FBBC2CFA8E}.Debug|Any CPU.Build.0 = Debug|Any CPU
		{D59865AE-5402-7948-6E10-52FBBC2CFA8E}.Release|Any CPU.ActiveCfg = Release|Any CPU
		{D59865AE-5402-7948-6E10-52FBBC2CFA8E}.Release|Any CPU.Build.0 = Release|Any CPU
		{89A82F92-DCAA-D9D6-166F-1C7390997A86}.Debug|Any CPU.ActiveCfg = Debug|Any CPU
		{89A82F92-DCAA-D9D6-166F-1C7390997A86}.Debug|Any CPU.Build.0 = Debug|Any CPU
		{89A82F92-DCAA-D9D6-166F-1C7390997A86}.Release|Any CPU.ActiveCfg = Release|Any CPU
		{89A82F92-DCAA-D9D6-166F-1C7390997A86}.Release|Any CPU.Build.0 = Release|Any CPU
		{E296CBEF-B24B-4C17-84A6-B09A1FAFF6AC}.Debug|Any CPU.ActiveCfg = Debug|Any CPU
		{E296CBEF-B24B-4C17-84A6-B09A1FAFF6AC}.Debug|Any CPU.Build.0 = Debug|Any CPU
		{E296CBEF-B24B-4C17-84A6-B09A1FAFF6AC}.Release|Any CPU.ActiveCfg = Release|Any CPU
		{E296CBEF-B24B-4C17-84A6-B09A1FAFF6AC}.Release|Any CPU.Build.0 = Release|Any CPU
		{87416CA9-0D37-34A6-A994-E9C1ADA87A79}.Debug|Any CPU.ActiveCfg = Debug|Any CPU
		{87416CA9-0D37-34A6-A994-E9C1ADA87A79}.Debug|Any CPU.Build.0 = Debug|Any CPU
		{87416CA9-0D37-34A6-A994-E9C1ADA87A79}.Release|Any CPU.ActiveCfg = Release|Any CPU
		{87416CA9-0D37-34A6-A994-E9C1ADA87A79}.Release|Any CPU.Build.0 = Release|Any CPU
		{BBEEDF09-AF77-091E-F20D-93377E60E50D}.Debug|Any CPU.ActiveCfg = Debug|Any CPU
		{BBEEDF09-AF77-091E-F20D-93377E60E50D}.Debug|Any CPU.Build.0 = Debug|Any CPU
		{BBEEDF09-AF77-091E-F20D-93377E60E50D}.Release|Any CPU.ActiveCfg = Release|Any CPU
		{BBEEDF09-AF77-091E-F20D-93377E60E50D}.Release|Any CPU.Build.0 = Release|Any CPU
		{0AEB5A67-771E-BE21-DF27-A183A0AFF43E}.Debug|Any CPU.ActiveCfg = Debug|Any CPU
		{0AEB5A67-771E-BE21-DF27-A183A0AFF43E}.Debug|Any CPU.Build.0 = Debug|Any CPU
		{0AEB5A67-771E-BE21-DF27-A183A0AFF43E}.Release|Any CPU.ActiveCfg = Release|Any CPU
		{0AEB5A67-771E-BE21-DF27-A183A0AFF43E}.Release|Any CPU.Build.0 = Release|Any CPU
		{3233858F-9B52-32A7-DF6D-5FEF448902B9}.Debug|Any CPU.ActiveCfg = Debug|Any CPU
		{3233858F-9B52-32A7-DF6D-5FEF448902B9}.Debug|Any CPU.Build.0 = Debug|Any CPU
		{3233858F-9B52-32A7-DF6D-5FEF448902B9}.Release|Any CPU.ActiveCfg = Release|Any CPU
		{3233858F-9B52-32A7-DF6D-5FEF448902B9}.Release|Any CPU.Build.0 = Release|Any CPU
		{DA1462D7-799C-098D-4F8D-387A7CC7732C}.Debug|Any CPU.ActiveCfg = Debug|Any CPU
		{DA1462D7-799C-098D-4F8D-387A7CC7732C}.Debug|Any CPU.Build.0 = Debug|Any CPU
		{DA1462D7-799C-098D-4F8D-387A7CC7732C}.Release|Any CPU.ActiveCfg = Release|Any CPU
		{DA1462D7-799C-098D-4F8D-387A7CC7732C}.Release|Any CPU.Build.0 = Release|Any CPU
		{14D1EC8D-EB60-201F-36E9-5B9A1EDE2B8F}.Debug|Any CPU.ActiveCfg = Debug|Any CPU
		{14D1EC8D-EB60-201F-36E9-5B9A1EDE2B8F}.Debug|Any CPU.Build.0 = Debug|Any CPU
		{14D1EC8D-EB60-201F-36E9-5B9A1EDE2B8F}.Release|Any CPU.ActiveCfg = Release|Any CPU
		{14D1EC8D-EB60-201F-36E9-5B9A1EDE2B8F}.Release|Any CPU.Build.0 = Release|Any CPU
		{2E2D74DC-9FC0-CFE5-61DA-69D1873FB5E9}.Debug|Any CPU.ActiveCfg = Debug|Any CPU
		{2E2D74DC-9FC0-CFE5-61DA-69D1873FB5E9}.Debug|Any CPU.Build.0 = Debug|Any CPU
		{2E2D74DC-9FC0-CFE5-61DA-69D1873FB5E9}.Release|Any CPU.ActiveCfg = Release|Any CPU
		{2E2D74DC-9FC0-CFE5-61DA-69D1873FB5E9}.Release|Any CPU.Build.0 = Release|Any CPU
		{1534D030-65D5-0AD8-B575-FD119F4E0284}.Debug|Any CPU.ActiveCfg = Debug|Any CPU
		{1534D030-65D5-0AD8-B575-FD119F4E0284}.Debug|Any CPU.Build.0 = Debug|Any CPU
		{1534D030-65D5-0AD8-B575-FD119F4E0284}.Release|Any CPU.ActiveCfg = Release|Any CPU
		{1534D030-65D5-0AD8-B575-FD119F4E0284}.Release|Any CPU.Build.0 = Release|Any CPU
		{D12967D9-16D5-B09D-E449-FD6DE3157FF0}.Debug|Any CPU.ActiveCfg = Debug|Any CPU
		{D12967D9-16D5-B09D-E449-FD6DE3157FF0}.Debug|Any CPU.Build.0 = Debug|Any CPU
		{D12967D9-16D5-B09D-E449-FD6DE3157FF0}.Release|Any CPU.ActiveCfg = Release|Any CPU
		{D12967D9-16D5-B09D-E449-FD6DE3157FF0}.Release|Any CPU.Build.0 = Release|Any CPU
		{C4533DA1-5FA1-ED62-E965-8F474689A105}.Debug|Any CPU.ActiveCfg = Debug|Any CPU
		{C4533DA1-5FA1-ED62-E965-8F474689A105}.Debug|Any CPU.Build.0 = Debug|Any CPU
		{C4533DA1-5FA1-ED62-E965-8F474689A105}.Release|Any CPU.ActiveCfg = Release|Any CPU
		{C4533DA1-5FA1-ED62-E965-8F474689A105}.Release|Any CPU.Build.0 = Release|Any CPU
		{7267A25B-5931-8C6C-3EF7-E6FB5A5DF2D8}.Debug|Any CPU.ActiveCfg = Debug|Any CPU
		{7267A25B-5931-8C6C-3EF7-E6FB5A5DF2D8}.Debug|Any CPU.Build.0 = Debug|Any CPU
		{7267A25B-5931-8C6C-3EF7-E6FB5A5DF2D8}.Release|Any CPU.ActiveCfg = Release|Any CPU
		{7267A25B-5931-8C6C-3EF7-E6FB5A5DF2D8}.Release|Any CPU.Build.0 = Release|Any CPU
		{444A1D8C-C03F-34BE-AA9A-8392061E7289}.Debug|Any CPU.ActiveCfg = Debug|Any CPU
		{444A1D8C-C03F-34BE-AA9A-8392061E7289}.Debug|Any CPU.Build.0 = Debug|Any CPU
		{444A1D8C-C03F-34BE-AA9A-8392061E7289}.Release|Any CPU.ActiveCfg = Release|Any CPU
		{444A1D8C-C03F-34BE-AA9A-8392061E7289}.Release|Any CPU.Build.0 = Release|Any CPU
		{F3B3A50F-7D46-3370-9421-796AE68656C4}.Debug|Any CPU.ActiveCfg = Debug|Any CPU
		{F3B3A50F-7D46-3370-9421-796AE68656C4}.Debug|Any CPU.Build.0 = Debug|Any CPU
		{F3B3A50F-7D46-3370-9421-796AE68656C4}.Release|Any CPU.ActiveCfg = Release|Any CPU
		{F3B3A50F-7D46-3370-9421-796AE68656C4}.Release|Any CPU.Build.0 = Release|Any CPU
		{7A8F2032-AC3D-90CB-7AE0-88F136DAE1CB}.Debug|Any CPU.ActiveCfg = Debug|Any CPU
		{7A8F2032-AC3D-90CB-7AE0-88F136DAE1CB}.Debug|Any CPU.Build.0 = Debug|Any CPU
		{7A8F2032-AC3D-90CB-7AE0-88F136DAE1CB}.Release|Any CPU.ActiveCfg = Release|Any CPU
		{7A8F2032-AC3D-90CB-7AE0-88F136DAE1CB}.Release|Any CPU.Build.0 = Release|Any CPU
		{A911F52C-2901-E853-D411-C2C0FFE425E7}.Debug|Any CPU.ActiveCfg = Debug|Any CPU
		{A911F52C-2901-E853-D411-C2C0FFE425E7}.Debug|Any CPU.Build.0 = Debug|Any CPU
		{A911F52C-2901-E853-D411-C2C0FFE425E7}.Release|Any CPU.ActiveCfg = Release|Any CPU
		{A911F52C-2901-E853-D411-C2C0FFE425E7}.Release|Any CPU.Build.0 = Release|Any CPU
		{2E5A3250-EFEF-BE0F-B588-B1F4BDE25568}.Debug|Any CPU.ActiveCfg = Debug|Any CPU
		{2E5A3250-EFEF-BE0F-B588-B1F4BDE25568}.Debug|Any CPU.Build.0 = Debug|Any CPU
		{2E5A3250-EFEF-BE0F-B588-B1F4BDE25568}.Release|Any CPU.ActiveCfg = Release|Any CPU
		{2E5A3250-EFEF-BE0F-B588-B1F4BDE25568}.Release|Any CPU.Build.0 = Release|Any CPU
		{D6861086-B06F-3DDC-21B1-E7196A022E74}.Debug|Any CPU.ActiveCfg = Debug|Any CPU
		{D6861086-B06F-3DDC-21B1-E7196A022E74}.Debug|Any CPU.Build.0 = Debug|Any CPU
		{D6861086-B06F-3DDC-21B1-E7196A022E74}.Release|Any CPU.ActiveCfg = Release|Any CPU
		{D6861086-B06F-3DDC-21B1-E7196A022E74}.Release|Any CPU.Build.0 = Release|Any CPU
		{D5C246A2-76FD-33CA-504B-6954F2141660}.Debug|Any CPU.ActiveCfg = Debug|Any CPU
		{D5C246A2-76FD-33CA-504B-6954F2141660}.Debug|Any CPU.Build.0 = Debug|Any CPU
		{D5C246A2-76FD-33CA-504B-6954F2141660}.Release|Any CPU.ActiveCfg = Release|Any CPU
		{D5C246A2-76FD-33CA-504B-6954F2141660}.Release|Any CPU.Build.0 = Release|Any CPU
		{6B596DFB-7C7D-68D0-A38B-BB92081A3C8D}.Debug|Any CPU.ActiveCfg = Debug|Any CPU
		{6B596DFB-7C7D-68D0-A38B-BB92081A3C8D}.Debug|Any CPU.Build.0 = Debug|Any CPU
		{6B596DFB-7C7D-68D0-A38B-BB92081A3C8D}.Release|Any CPU.ActiveCfg = Release|Any CPU
		{6B596DFB-7C7D-68D0-A38B-BB92081A3C8D}.Release|Any CPU.Build.0 = Release|Any CPU
		{3181C416-51AF-C230-34A0-F4201DAA7288}.Debug|Any CPU.ActiveCfg = Debug|Any CPU
		{3181C416-51AF-C230-34A0-F4201DAA7288}.Debug|Any CPU.Build.0 = Debug|Any CPU
		{3181C416-51AF-C230-34A0-F4201DAA7288}.Release|Any CPU.ActiveCfg = Release|Any CPU
		{3181C416-51AF-C230-34A0-F4201DAA7288}.Release|Any CPU.Build.0 = Release|Any CPU
		{F90F2A3C-F293-1FB5-8A3A-58111930F876}.Debug|Any CPU.ActiveCfg = Debug|Any CPU
		{F90F2A3C-F293-1FB5-8A3A-58111930F876}.Debug|Any CPU.Build.0 = Debug|Any CPU
		{F90F2A3C-F293-1FB5-8A3A-58111930F876}.Release|Any CPU.ActiveCfg = Release|Any CPU
		{F90F2A3C-F293-1FB5-8A3A-58111930F876}.Release|Any CPU.Build.0 = Release|Any CPU
		{24AD7A87-3B5A-A879-7E73-C31B252617B4}.Debug|Any CPU.ActiveCfg = Debug|Any CPU
		{24AD7A87-3B5A-A879-7E73-C31B252617B4}.Debug|Any CPU.Build.0 = Debug|Any CPU
		{24AD7A87-3B5A-A879-7E73-C31B252617B4}.Release|Any CPU.ActiveCfg = Release|Any CPU
		{24AD7A87-3B5A-A879-7E73-C31B252617B4}.Release|Any CPU.Build.0 = Release|Any CPU
		{8E2F760A-9D7D-0005-C34A-5180415647A5}.Debug|Any CPU.ActiveCfg = Debug|Any CPU
		{8E2F760A-9D7D-0005-C34A-5180415647A5}.Debug|Any CPU.Build.0 = Debug|Any CPU
		{8E2F760A-9D7D-0005-C34A-5180415647A5}.Release|Any CPU.ActiveCfg = Release|Any CPU
		{8E2F760A-9D7D-0005-C34A-5180415647A5}.Release|Any CPU.Build.0 = Release|Any CPU
		{F4CE5630-4F54-CE93-E645-34DFA4FDA6C6}.Debug|Any CPU.ActiveCfg = Debug|Any CPU
		{F4CE5630-4F54-CE93-E645-34DFA4FDA6C6}.Debug|Any CPU.Build.0 = Debug|Any CPU
		{F4CE5630-4F54-CE93-E645-34DFA4FDA6C6}.Release|Any CPU.ActiveCfg = Release|Any CPU
		{F4CE5630-4F54-CE93-E645-34DFA4FDA6C6}.Release|Any CPU.Build.0 = Release|Any CPU
		{B92AF352-8D90-8138-C357-D9BADA4BC887}.Debug|Any CPU.ActiveCfg = Debug|Any CPU
		{B92AF352-8D90-8138-C357-D9BADA4BC887}.Debug|Any CPU.Build.0 = Debug|Any CPU
		{B92AF352-8D90-8138-C357-D9BADA4BC887}.Release|Any CPU.ActiveCfg = Release|Any CPU
		{B92AF352-8D90-8138-C357-D9BADA4BC887}.Release|Any CPU.Build.0 = Release|Any CPU
		{D3956C76-5FA2-D9F0-2374-912DF265222F}.Debug|Any CPU.ActiveCfg = Debug|Any CPU
		{D3956C76-5FA2-D9F0-2374-912DF265222F}.Debug|Any CPU.Build.0 = Debug|Any CPU
		{D3956C76-5FA2-D9F0-2374-912DF265222F}.Release|Any CPU.ActiveCfg = Release|Any CPU
		{D3956C76-5FA2-D9F0-2374-912DF265222F}.Release|Any CPU.Build.0 = Release|Any CPU
		{A35A4FE8-F34B-9EFA-10A0-A5E3865166C0}.Debug|Any CPU.ActiveCfg = Debug|Any CPU
		{A35A4FE8-F34B-9EFA-10A0-A5E3865166C0}.Debug|Any CPU.Build.0 = Debug|Any CPU
		{A35A4FE8-F34B-9EFA-10A0-A5E3865166C0}.Release|Any CPU.ActiveCfg = Release|Any CPU
		{A35A4FE8-F34B-9EFA-10A0-A5E3865166C0}.Release|Any CPU.Build.0 = Release|Any CPU
		{AAA3FD42-426F-280F-5051-C2784A6E57DC}.Debug|Any CPU.ActiveCfg = Debug|Any CPU
		{AAA3FD42-426F-280F-5051-C2784A6E57DC}.Debug|Any CPU.Build.0 = Debug|Any CPU
		{AAA3FD42-426F-280F-5051-C2784A6E57DC}.Release|Any CPU.ActiveCfg = Release|Any CPU
		{AAA3FD42-426F-280F-5051-C2784A6E57DC}.Release|Any CPU.Build.0 = Release|Any CPU
		{93808834-ED87-03DA-C5D6-46B3C9E19945}.Debug|Any CPU.ActiveCfg = Debug|Any CPU
		{93808834-ED87-03DA-C5D6-46B3C9E19945}.Debug|Any CPU.Build.0 = Debug|Any CPU
		{93808834-ED87-03DA-C5D6-46B3C9E19945}.Release|Any CPU.ActiveCfg = Release|Any CPU
		{93808834-ED87-03DA-C5D6-46B3C9E19945}.Release|Any CPU.Build.0 = Release|Any CPU
		{08B20B79-98D6-AD2F-A53D-E9CD78B9F0BB}.Debug|Any CPU.ActiveCfg = Debug|Any CPU
		{08B20B79-98D6-AD2F-A53D-E9CD78B9F0BB}.Debug|Any CPU.Build.0 = Debug|Any CPU
		{08B20B79-98D6-AD2F-A53D-E9CD78B9F0BB}.Release|Any CPU.ActiveCfg = Release|Any CPU
		{08B20B79-98D6-AD2F-A53D-E9CD78B9F0BB}.Release|Any CPU.Build.0 = Release|Any CPU
		{79898832-584F-64A2-8B31-20C6C3EA50DC}.Debug|Any CPU.ActiveCfg = Debug|Any CPU
		{79898832-584F-64A2-8B31-20C6C3EA50DC}.Debug|Any CPU.Build.0 = Debug|Any CPU
		{79898832-584F-64A2-8B31-20C6C3EA50DC}.Release|Any CPU.ActiveCfg = Release|Any CPU
		{79898832-584F-64A2-8B31-20C6C3EA50DC}.Release|Any CPU.Build.0 = Release|Any CPU
		{76827885-563F-F261-F2A4-046F9E755FEC}.Debug|Any CPU.ActiveCfg = Debug|Any CPU
		{76827885-563F-F261-F2A4-046F9E755FEC}.Debug|Any CPU.Build.0 = Debug|Any CPU
		{76827885-563F-F261-F2A4-046F9E755FEC}.Release|Any CPU.ActiveCfg = Release|Any CPU
		{76827885-563F-F261-F2A4-046F9E755FEC}.Release|Any CPU.Build.0 = Release|Any CPU
		{9AEF2534-D5E6-6DC9-DEBF-2B6985C4EBDC}.Debug|Any CPU.ActiveCfg = Debug|Any CPU
		{9AEF2534-D5E6-6DC9-DEBF-2B6985C4EBDC}.Debug|Any CPU.Build.0 = Debug|Any CPU
		{9AEF2534-D5E6-6DC9-DEBF-2B6985C4EBDC}.Release|Any CPU.ActiveCfg = Release|Any CPU
		{9AEF2534-D5E6-6DC9-DEBF-2B6985C4EBDC}.Release|Any CPU.Build.0 = Release|Any CPU
		{2CF07906-583F-885D-E2B0-EBC7EE336D27}.Debug|Any CPU.ActiveCfg = Debug|Any CPU
		{2CF07906-583F-885D-E2B0-EBC7EE336D27}.Debug|Any CPU.Build.0 = Debug|Any CPU
		{2CF07906-583F-885D-E2B0-EBC7EE336D27}.Release|Any CPU.ActiveCfg = Release|Any CPU
		{2CF07906-583F-885D-E2B0-EBC7EE336D27}.Release|Any CPU.Build.0 = Release|Any CPU
		{BD710FB6-BBB1-BFC0-1649-A5CB7E2C4B4F}.Debug|Any CPU.ActiveCfg = Debug|Any CPU
		{BD710FB6-BBB1-BFC0-1649-A5CB7E2C4B4F}.Debug|Any CPU.Build.0 = Debug|Any CPU
		{BD710FB6-BBB1-BFC0-1649-A5CB7E2C4B4F}.Release|Any CPU.ActiveCfg = Release|Any CPU
		{BD710FB6-BBB1-BFC0-1649-A5CB7E2C4B4F}.Release|Any CPU.Build.0 = Release|Any CPU
		{615F839E-5E13-8DE2-0A75-2591D95DB2E2}.Debug|Any CPU.ActiveCfg = Debug|Any CPU
		{615F839E-5E13-8DE2-0A75-2591D95DB2E2}.Debug|Any CPU.Build.0 = Debug|Any CPU
		{615F839E-5E13-8DE2-0A75-2591D95DB2E2}.Release|Any CPU.ActiveCfg = Release|Any CPU
		{615F839E-5E13-8DE2-0A75-2591D95DB2E2}.Release|Any CPU.Build.0 = Release|Any CPU
		{A4BC8F2F-4F23-0895-B51D-5A64E956B55D}.Debug|Any CPU.ActiveCfg = Debug|Any CPU
		{A4BC8F2F-4F23-0895-B51D-5A64E956B55D}.Debug|Any CPU.Build.0 = Debug|Any CPU
		{A4BC8F2F-4F23-0895-B51D-5A64E956B55D}.Release|Any CPU.ActiveCfg = Release|Any CPU
		{A4BC8F2F-4F23-0895-B51D-5A64E956B55D}.Release|Any CPU.Build.0 = Release|Any CPU
		{31C6C03B-F13C-84EF-7D73-E34B0530C257}.Debug|Any CPU.ActiveCfg = Debug|Any CPU
		{31C6C03B-F13C-84EF-7D73-E34B0530C257}.Debug|Any CPU.Build.0 = Debug|Any CPU
		{31C6C03B-F13C-84EF-7D73-E34B0530C257}.Release|Any CPU.ActiveCfg = Release|Any CPU
		{31C6C03B-F13C-84EF-7D73-E34B0530C257}.Release|Any CPU.Build.0 = Release|Any CPU
		{B842C04C-564B-246F-CDB4-1066EE2DCB1A}.Debug|Any CPU.ActiveCfg = Debug|Any CPU
		{B842C04C-564B-246F-CDB4-1066EE2DCB1A}.Debug|Any CPU.Build.0 = Debug|Any CPU
		{B842C04C-564B-246F-CDB4-1066EE2DCB1A}.Release|Any CPU.ActiveCfg = Release|Any CPU
		{B842C04C-564B-246F-CDB4-1066EE2DCB1A}.Release|Any CPU.Build.0 = Release|Any CPU
		{EBD70BA9-A2F0-68E9-D051-C0EF63EC0176}.Debug|Any CPU.ActiveCfg = Debug|Any CPU
		{EBD70BA9-A2F0-68E9-D051-C0EF63EC0176}.Debug|Any CPU.Build.0 = Debug|Any CPU
		{EBD70BA9-A2F0-68E9-D051-C0EF63EC0176}.Release|Any CPU.ActiveCfg = Release|Any CPU
		{EBD70BA9-A2F0-68E9-D051-C0EF63EC0176}.Release|Any CPU.Build.0 = Release|Any CPU
		{DC3E44B9-91F6-8066-5BC6-122ACE74DB33}.Debug|Any CPU.ActiveCfg = Debug|Any CPU
		{DC3E44B9-91F6-8066-5BC6-122ACE74DB33}.Debug|Any CPU.Build.0 = Debug|Any CPU
		{DC3E44B9-91F6-8066-5BC6-122ACE74DB33}.Release|Any CPU.ActiveCfg = Release|Any CPU
		{DC3E44B9-91F6-8066-5BC6-122ACE74DB33}.Release|Any CPU.Build.0 = Release|Any CPU
		{F28FF5FB-95B4-74AB-796C-26478FF04B86}.Debug|Any CPU.ActiveCfg = Debug|Any CPU
		{F28FF5FB-95B4-74AB-796C-26478FF04B86}.Debug|Any CPU.Build.0 = Debug|Any CPU
		{F28FF5FB-95B4-74AB-796C-26478FF04B86}.Release|Any CPU.ActiveCfg = Release|Any CPU
		{F28FF5FB-95B4-74AB-796C-26478FF04B86}.Release|Any CPU.Build.0 = Release|Any CPU
		{D0036EE2-D0DE-32E7-3359-8F291FB548B1}.Debug|Any CPU.ActiveCfg = Debug|Any CPU
		{D0036EE2-D0DE-32E7-3359-8F291FB548B1}.Debug|Any CPU.Build.0 = Debug|Any CPU
		{D0036EE2-D0DE-32E7-3359-8F291FB548B1}.Release|Any CPU.ActiveCfg = Release|Any CPU
		{D0036EE2-D0DE-32E7-3359-8F291FB548B1}.Release|Any CPU.Build.0 = Release|Any CPU
		{22088AC2-C10D-B4AD-7BA5-0C9F7A1E0FED}.Debug|Any CPU.ActiveCfg = Debug|Any CPU
		{22088AC2-C10D-B4AD-7BA5-0C9F7A1E0FED}.Debug|Any CPU.Build.0 = Debug|Any CPU
		{22088AC2-C10D-B4AD-7BA5-0C9F7A1E0FED}.Release|Any CPU.ActiveCfg = Release|Any CPU
		{22088AC2-C10D-B4AD-7BA5-0C9F7A1E0FED}.Release|Any CPU.Build.0 = Release|Any CPU
		{C3665C7D-4E1B-4B2A-4865-C2FB8AB40BA2}.Debug|Any CPU.ActiveCfg = Debug|Any CPU
		{C3665C7D-4E1B-4B2A-4865-C2FB8AB40BA2}.Debug|Any CPU.Build.0 = Debug|Any CPU
		{C3665C7D-4E1B-4B2A-4865-C2FB8AB40BA2}.Release|Any CPU.ActiveCfg = Release|Any CPU
		{C3665C7D-4E1B-4B2A-4865-C2FB8AB40BA2}.Release|Any CPU.Build.0 = Release|Any CPU
		{6BF796CA-4ED2-8657-FC12-5270D135076C}.Debug|Any CPU.ActiveCfg = Debug|Any CPU
		{6BF796CA-4ED2-8657-FC12-5270D135076C}.Debug|Any CPU.Build.0 = Debug|Any CPU
		{6BF796CA-4ED2-8657-FC12-5270D135076C}.Release|Any CPU.ActiveCfg = Release|Any CPU
		{6BF796CA-4ED2-8657-FC12-5270D135076C}.Release|Any CPU.Build.0 = Release|Any CPU
		{E6EB8C31-6AEB-385E-AF66-7A1E6113C2F2}.Debug|Any CPU.ActiveCfg = Debug|Any CPU
		{E6EB8C31-6AEB-385E-AF66-7A1E6113C2F2}.Debug|Any CPU.Build.0 = Debug|Any CPU
		{E6EB8C31-6AEB-385E-AF66-7A1E6113C2F2}.Release|Any CPU.ActiveCfg = Release|Any CPU
		{E6EB8C31-6AEB-385E-AF66-7A1E6113C2F2}.Release|Any CPU.Build.0 = Release|Any CPU
		{2B4A9BCD-6C1C-B198-FCAD-577B8A9C5C21}.Debug|Any CPU.ActiveCfg = Debug|Any CPU
		{2B4A9BCD-6C1C-B198-FCAD-577B8A9C5C21}.Debug|Any CPU.Build.0 = Debug|Any CPU
		{2B4A9BCD-6C1C-B198-FCAD-577B8A9C5C21}.Release|Any CPU.ActiveCfg = Release|Any CPU
		{2B4A9BCD-6C1C-B198-FCAD-577B8A9C5C21}.Release|Any CPU.Build.0 = Release|Any CPU
		{0D93D067-C1D7-4023-626F-079AC9FE839C}.Debug|Any CPU.ActiveCfg = Debug|Any CPU
		{0D93D067-C1D7-4023-626F-079AC9FE839C}.Debug|Any CPU.Build.0 = Debug|Any CPU
		{0D93D067-C1D7-4023-626F-079AC9FE839C}.Release|Any CPU.ActiveCfg = Release|Any CPU
		{0D93D067-C1D7-4023-626F-079AC9FE839C}.Release|Any CPU.Build.0 = Release|Any CPU
		{24F96E46-252E-CCE6-AF16-D614E634FE88}.Debug|Any CPU.ActiveCfg = Debug|Any CPU
		{24F96E46-252E-CCE6-AF16-D614E634FE88}.Debug|Any CPU.Build.0 = Debug|Any CPU
		{24F96E46-252E-CCE6-AF16-D614E634FE88}.Release|Any CPU.ActiveCfg = Release|Any CPU
		{24F96E46-252E-CCE6-AF16-D614E634FE88}.Release|Any CPU.Build.0 = Release|Any CPU
		{3939630A-6E42-4527-BBA2-E7EB2E63B192}.Debug|Any CPU.ActiveCfg = Debug|Any CPU
		{3939630A-6E42-4527-BBA2-E7EB2E63B192}.Debug|Any CPU.Build.0 = Debug|Any CPU
		{3939630A-6E42-4527-BBA2-E7EB2E63B192}.Release|Any CPU.ActiveCfg = Release|Any CPU
		{3939630A-6E42-4527-BBA2-E7EB2E63B192}.Release|Any CPU.Build.0 = Release|Any CPU
		{EEBBE74A-9304-EC6E-0C46-139E244244D1}.Debug|Any CPU.ActiveCfg = Debug|Any CPU
		{EEBBE74A-9304-EC6E-0C46-139E244244D1}.Debug|Any CPU.Build.0 = Debug|Any CPU
		{EEBBE74A-9304-EC6E-0C46-139E244244D1}.Release|Any CPU.ActiveCfg = Release|Any CPU
		{EEBBE74A-9304-EC6E-0C46-139E244244D1}.Release|Any CPU.Build.0 = Release|Any CPU
		{C4F71C6A-418B-994F-5742-08BC8C9E9A0D}.Debug|Any CPU.ActiveCfg = Debug|Any CPU
		{C4F71C6A-418B-994F-5742-08BC8C9E9A0D}.Debug|Any CPU.Build.0 = Debug|Any CPU
		{C4F71C6A-418B-994F-5742-08BC8C9E9A0D}.Release|Any CPU.ActiveCfg = Release|Any CPU
		{C4F71C6A-418B-994F-5742-08BC8C9E9A0D}.Release|Any CPU.Build.0 = Release|Any CPU
		{68FDC9DD-0CE5-E42A-4CC8-1A1DA46CDFFF}.Debug|Any CPU.ActiveCfg = Debug|Any CPU
		{68FDC9DD-0CE5-E42A-4CC8-1A1DA46CDFFF}.Debug|Any CPU.Build.0 = Debug|Any CPU
		{68FDC9DD-0CE5-E42A-4CC8-1A1DA46CDFFF}.Release|Any CPU.ActiveCfg = Release|Any CPU
		{68FDC9DD-0CE5-E42A-4CC8-1A1DA46CDFFF}.Release|Any CPU.Build.0 = Release|Any CPU
		{A6D680E0-3519-5007-0414-F1B52032DCF3}.Debug|Any CPU.ActiveCfg = Debug|Any CPU
		{A6D680E0-3519-5007-0414-F1B52032DCF3}.Debug|Any CPU.Build.0 = Debug|Any CPU
		{A6D680E0-3519-5007-0414-F1B52032DCF3}.Release|Any CPU.ActiveCfg = Release|Any CPU
		{A6D680E0-3519-5007-0414-F1B52032DCF3}.Release|Any CPU.Build.0 = Release|Any CPU
		{4AEEE973-6B48-32CF-68AD-A2FDF3359FE3}.Debug|Any CPU.ActiveCfg = Debug|Any CPU
		{4AEEE973-6B48-32CF-68AD-A2FDF3359FE3}.Debug|Any CPU.Build.0 = Debug|Any CPU
		{4AEEE973-6B48-32CF-68AD-A2FDF3359FE3}.Release|Any CPU.ActiveCfg = Release|Any CPU
		{4AEEE973-6B48-32CF-68AD-A2FDF3359FE3}.Release|Any CPU.Build.0 = Release|Any CPU
		{B51A1485-8396-F922-AD24-C8DB9B931F9F}.Debug|Any CPU.ActiveCfg = Debug|Any CPU
		{B51A1485-8396-F922-AD24-C8DB9B931F9F}.Debug|Any CPU.Build.0 = Debug|Any CPU
		{B51A1485-8396-F922-AD24-C8DB9B931F9F}.Release|Any CPU.ActiveCfg = Release|Any CPU
		{B51A1485-8396-F922-AD24-C8DB9B931F9F}.Release|Any CPU.Build.0 = Release|Any CPU
		{F9308BF0-B8C3-DF99-86B4-DDA3F8583563}.Debug|Any CPU.ActiveCfg = Debug|Any CPU
		{F9308BF0-B8C3-DF99-86B4-DDA3F8583563}.Debug|Any CPU.Build.0 = Debug|Any CPU
		{F9308BF0-B8C3-DF99-86B4-DDA3F8583563}.Release|Any CPU.ActiveCfg = Release|Any CPU
		{F9308BF0-B8C3-DF99-86B4-DDA3F8583563}.Release|Any CPU.Build.0 = Release|Any CPU
		{37CC05A6-E007-218B-9273-EF52CB5EC4DF}.Debug|Any CPU.ActiveCfg = Debug|Any CPU
		{37CC05A6-E007-218B-9273-EF52CB5EC4DF}.Debug|Any CPU.Build.0 = Debug|Any CPU
		{37CC05A6-E007-218B-9273-EF52CB5EC4DF}.Release|Any CPU.ActiveCfg = Release|Any CPU
		{37CC05A6-E007-218B-9273-EF52CB5EC4DF}.Release|Any CPU.Build.0 = Release|Any CPU
		{78168A0F-D2F1-68C9-B4BD-86E52315B944}.Debug|Any CPU.ActiveCfg = Debug|Any CPU
		{78168A0F-D2F1-68C9-B4BD-86E52315B944}.Debug|Any CPU.Build.0 = Debug|Any CPU
		{78168A0F-D2F1-68C9-B4BD-86E52315B944}.Release|Any CPU.ActiveCfg = Release|Any CPU
		{78168A0F-D2F1-68C9-B4BD-86E52315B944}.Release|Any CPU.Build.0 = Release|Any CPU
		{3669E54E-DA34-DD64-6C92-3A82677F4B95}.Debug|Any CPU.ActiveCfg = Debug|Any CPU
		{3669E54E-DA34-DD64-6C92-3A82677F4B95}.Debug|Any CPU.Build.0 = Debug|Any CPU
		{3669E54E-DA34-DD64-6C92-3A82677F4B95}.Release|Any CPU.ActiveCfg = Release|Any CPU
		{3669E54E-DA34-DD64-6C92-3A82677F4B95}.Release|Any CPU.Build.0 = Release|Any CPU
		{B62081AD-B225-E037-522D-82BEFB8473CB}.Debug|Any CPU.ActiveCfg = Debug|Any CPU
		{B62081AD-B225-E037-522D-82BEFB8473CB}.Debug|Any CPU.Build.0 = Debug|Any CPU
		{B62081AD-B225-E037-522D-82BEFB8473CB}.Release|Any CPU.ActiveCfg = Release|Any CPU
		{B62081AD-B225-E037-522D-82BEFB8473CB}.Release|Any CPU.Build.0 = Release|Any CPU
		{DE5E3045-6890-EF8F-38B9-721E448E4911}.Debug|Any CPU.ActiveCfg = Debug|Any CPU
		{DE5E3045-6890-EF8F-38B9-721E448E4911}.Debug|Any CPU.Build.0 = Debug|Any CPU
		{DE5E3045-6890-EF8F-38B9-721E448E4911}.Release|Any CPU.ActiveCfg = Release|Any CPU
		{DE5E3045-6890-EF8F-38B9-721E448E4911}.Release|Any CPU.Build.0 = Release|Any CPU
		{8728522B-1E1C-E759-2B53-B28FE9B65E3C}.Debug|Any CPU.ActiveCfg = Debug|Any CPU
		{8728522B-1E1C-E759-2B53-B28FE9B65E3C}.Debug|Any CPU.Build.0 = Debug|Any CPU
		{8728522B-1E1C-E759-2B53-B28FE9B65E3C}.Release|Any CPU.ActiveCfg = Release|Any CPU
		{8728522B-1E1C-E759-2B53-B28FE9B65E3C}.Release|Any CPU.Build.0 = Release|Any CPU
		{26B94CB5-2D01-43D9-EAEB-5D54C54A9711}.Debug|Any CPU.ActiveCfg = Debug|Any CPU
		{26B94CB5-2D01-43D9-EAEB-5D54C54A9711}.Debug|Any CPU.Build.0 = Debug|Any CPU
		{26B94CB5-2D01-43D9-EAEB-5D54C54A9711}.Release|Any CPU.ActiveCfg = Release|Any CPU
		{26B94CB5-2D01-43D9-EAEB-5D54C54A9711}.Release|Any CPU.Build.0 = Release|Any CPU
		{C1A09B16-2AF5-3BBC-52A0-FE6EEBC9B4A1}.Debug|Any CPU.ActiveCfg = Debug|Any CPU
		{C1A09B16-2AF5-3BBC-52A0-FE6EEBC9B4A1}.Debug|Any CPU.Build.0 = Debug|Any CPU
		{C1A09B16-2AF5-3BBC-52A0-FE6EEBC9B4A1}.Release|Any CPU.ActiveCfg = Release|Any CPU
		{C1A09B16-2AF5-3BBC-52A0-FE6EEBC9B4A1}.Release|Any CPU.Build.0 = Release|Any CPU
		{66AC7636-FED5-B72B-9FE0-08D83E90014B}.Debug|Any CPU.ActiveCfg = Debug|Any CPU
		{66AC7636-FED5-B72B-9FE0-08D83E90014B}.Debug|Any CPU.Build.0 = Debug|Any CPU
		{66AC7636-FED5-B72B-9FE0-08D83E90014B}.Release|Any CPU.ActiveCfg = Release|Any CPU
		{66AC7636-FED5-B72B-9FE0-08D83E90014B}.Release|Any CPU.Build.0 = Release|Any CPU
		{2BFA8F7E-36AE-4776-7918-2617EB3D2F1E}.Debug|Any CPU.ActiveCfg = Debug|Any CPU
		{2BFA8F7E-36AE-4776-7918-2617EB3D2F1E}.Debug|Any CPU.Build.0 = Debug|Any CPU
		{2BFA8F7E-36AE-4776-7918-2617EB3D2F1E}.Release|Any CPU.ActiveCfg = Release|Any CPU
		{2BFA8F7E-36AE-4776-7918-2617EB3D2F1E}.Release|Any CPU.Build.0 = Release|Any CPU
		{31746F00-C5F8-C819-3E39-E141D534DA67}.Debug|Any CPU.ActiveCfg = Debug|Any CPU
		{31746F00-C5F8-C819-3E39-E141D534DA67}.Debug|Any CPU.Build.0 = Debug|Any CPU
		{31746F00-C5F8-C819-3E39-E141D534DA67}.Release|Any CPU.ActiveCfg = Release|Any CPU
		{31746F00-C5F8-C819-3E39-E141D534DA67}.Release|Any CPU.Build.0 = Release|Any CPU
		{40E9BCF9-EDE8-4A38-2D25-9D701922832E}.Debug|Any CPU.ActiveCfg = Debug|Any CPU
		{40E9BCF9-EDE8-4A38-2D25-9D701922832E}.Debug|Any CPU.Build.0 = Debug|Any CPU
		{40E9BCF9-EDE8-4A38-2D25-9D701922832E}.Release|Any CPU.ActiveCfg = Release|Any CPU
		{40E9BCF9-EDE8-4A38-2D25-9D701922832E}.Release|Any CPU.Build.0 = Release|Any CPU
		{85863AB7-D4BD-C45F-F71C-B780EFBE9D25}.Debug|Any CPU.ActiveCfg = Debug|Any CPU
		{85863AB7-D4BD-C45F-F71C-B780EFBE9D25}.Debug|Any CPU.Build.0 = Debug|Any CPU
		{85863AB7-D4BD-C45F-F71C-B780EFBE9D25}.Release|Any CPU.ActiveCfg = Release|Any CPU
		{85863AB7-D4BD-C45F-F71C-B780EFBE9D25}.Release|Any CPU.Build.0 = Release|Any CPU
		{B6D1718E-9E1B-B5EE-858B-714A45AE37CC}.Debug|Any CPU.ActiveCfg = Debug|Any CPU
		{B6D1718E-9E1B-B5EE-858B-714A45AE37CC}.Debug|Any CPU.Build.0 = Debug|Any CPU
		{B6D1718E-9E1B-B5EE-858B-714A45AE37CC}.Release|Any CPU.ActiveCfg = Release|Any CPU
		{B6D1718E-9E1B-B5EE-858B-714A45AE37CC}.Release|Any CPU.Build.0 = Release|Any CPU
		{45141AD7-2955-D51C-57FB-0A8FA54A58FD}.Debug|Any CPU.ActiveCfg = Debug|Any CPU
		{45141AD7-2955-D51C-57FB-0A8FA54A58FD}.Debug|Any CPU.Build.0 = Debug|Any CPU
		{45141AD7-2955-D51C-57FB-0A8FA54A58FD}.Release|Any CPU.ActiveCfg = Release|Any CPU
		{45141AD7-2955-D51C-57FB-0A8FA54A58FD}.Release|Any CPU.Build.0 = Release|Any CPU
		{E0757AE3-CFE3-ED26-7B02-FC28BF1AFA80}.Debug|Any CPU.ActiveCfg = Debug|Any CPU
		{E0757AE3-CFE3-ED26-7B02-FC28BF1AFA80}.Debug|Any CPU.Build.0 = Debug|Any CPU
		{E0757AE3-CFE3-ED26-7B02-FC28BF1AFA80}.Release|Any CPU.ActiveCfg = Release|Any CPU
		{E0757AE3-CFE3-ED26-7B02-FC28BF1AFA80}.Release|Any CPU.Build.0 = Release|Any CPU
		{FE945DF5-D631-D6B3-3730-7C72D34D173C}.Debug|Any CPU.ActiveCfg = Debug|Any CPU
		{FE945DF5-D631-D6B3-3730-7C72D34D173C}.Debug|Any CPU.Build.0 = Debug|Any CPU
		{FE945DF5-D631-D6B3-3730-7C72D34D173C}.Release|Any CPU.ActiveCfg = Release|Any CPU
		{FE945DF5-D631-D6B3-3730-7C72D34D173C}.Release|Any CPU.Build.0 = Release|Any CPU
		{B9AAE61A-AB24-9170-A940-6973F2E70000}.Debug|Any CPU.ActiveCfg = Debug|Any CPU
		{B9AAE61A-AB24-9170-A940-6973F2E70000}.Debug|Any CPU.Build.0 = Debug|Any CPU
		{B9AAE61A-AB24-9170-A940-6973F2E70000}.Release|Any CPU.ActiveCfg = Release|Any CPU
		{B9AAE61A-AB24-9170-A940-6973F2E70000}.Release|Any CPU.Build.0 = Release|Any CPU
		{2BCD17A1-6377-D1D3-6964-A3E4ECABCF55}.Debug|Any CPU.ActiveCfg = Debug|Any CPU
		{2BCD17A1-6377-D1D3-6964-A3E4ECABCF55}.Debug|Any CPU.Build.0 = Debug|Any CPU
		{2BCD17A1-6377-D1D3-6964-A3E4ECABCF55}.Release|Any CPU.ActiveCfg = Release|Any CPU
		{2BCD17A1-6377-D1D3-6964-A3E4ECABCF55}.Release|Any CPU.Build.0 = Release|Any CPU
		{C1F83500-884B-4ECB-AE18-50294AC58813}.Debug|Any CPU.ActiveCfg = Debug|Any CPU
		{C1F83500-884B-4ECB-AE18-50294AC58813}.Debug|Any CPU.Build.0 = Debug|Any CPU
		{C1F83500-884B-4ECB-AE18-50294AC58813}.Release|Any CPU.ActiveCfg = Release|Any CPU
		{C1F83500-884B-4ECB-AE18-50294AC58813}.Release|Any CPU.Build.0 = Release|Any CPU
		{12D802B2-49C9-CB9D-C587-EA3CF0F5D4B8}.Debug|Any CPU.ActiveCfg = Debug|Any CPU
		{12D802B2-49C9-CB9D-C587-EA3CF0F5D4B8}.Debug|Any CPU.Build.0 = Debug|Any CPU
		{12D802B2-49C9-CB9D-C587-EA3CF0F5D4B8}.Release|Any CPU.ActiveCfg = Release|Any CPU
		{12D802B2-49C9-CB9D-C587-EA3CF0F5D4B8}.Release|Any CPU.Build.0 = Release|Any CPU
		{3592CF45-990A-BE58-F372-13AB3FE596DE}.Debug|Any CPU.ActiveCfg = Debug|Any CPU
		{3592CF45-990A-BE58-F372-13AB3FE596DE}.Debug|Any CPU.Build.0 = Debug|Any CPU
		{3592CF45-990A-BE58-F372-13AB3FE596DE}.Release|Any CPU.ActiveCfg = Release|Any CPU
		{3592CF45-990A-BE58-F372-13AB3FE596DE}.Release|Any CPU.Build.0 = Release|Any CPU
		{E890A62B-9B86-104F-06B4-10D8A0CDF853}.Debug|Any CPU.ActiveCfg = Debug|Any CPU
		{E890A62B-9B86-104F-06B4-10D8A0CDF853}.Debug|Any CPU.Build.0 = Debug|Any CPU
		{E890A62B-9B86-104F-06B4-10D8A0CDF853}.Release|Any CPU.ActiveCfg = Release|Any CPU
		{E890A62B-9B86-104F-06B4-10D8A0CDF853}.Release|Any CPU.Build.0 = Release|Any CPU
		{29657ACF-D734-4105-0067-FFC3B1100D34}.Debug|Any CPU.ActiveCfg = Debug|Any CPU
		{29657ACF-D734-4105-0067-FFC3B1100D34}.Debug|Any CPU.Build.0 = Debug|Any CPU
		{29657ACF-D734-4105-0067-FFC3B1100D34}.Release|Any CPU.ActiveCfg = Release|Any CPU
		{29657ACF-D734-4105-0067-FFC3B1100D34}.Release|Any CPU.Build.0 = Release|Any CPU
		{7FC3606F-6034-72CE-9A08-A66BAE47D6C1}.Debug|Any CPU.ActiveCfg = Debug|Any CPU
		{7FC3606F-6034-72CE-9A08-A66BAE47D6C1}.Debug|Any CPU.Build.0 = Debug|Any CPU
		{7FC3606F-6034-72CE-9A08-A66BAE47D6C1}.Release|Any CPU.ActiveCfg = Release|Any CPU
		{7FC3606F-6034-72CE-9A08-A66BAE47D6C1}.Release|Any CPU.Build.0 = Release|Any CPU
		{BFAB3233-6138-C46F-A39E-80CBFEB8AFB8}.Debug|Any CPU.ActiveCfg = Debug|Any CPU
		{BFAB3233-6138-C46F-A39E-80CBFEB8AFB8}.Debug|Any CPU.Build.0 = Debug|Any CPU
		{BFAB3233-6138-C46F-A39E-80CBFEB8AFB8}.Release|Any CPU.ActiveCfg = Release|Any CPU
		{BFAB3233-6138-C46F-A39E-80CBFEB8AFB8}.Release|Any CPU.Build.0 = Release|Any CPU
		{0BAC3DB7-506B-6951-2B81-178E83D4C767}.Debug|Any CPU.ActiveCfg = Debug|Any CPU
		{0BAC3DB7-506B-6951-2B81-178E83D4C767}.Debug|Any CPU.Build.0 = Debug|Any CPU
		{0BAC3DB7-506B-6951-2B81-178E83D4C767}.Release|Any CPU.ActiveCfg = Release|Any CPU
		{0BAC3DB7-506B-6951-2B81-178E83D4C767}.Release|Any CPU.Build.0 = Release|Any CPU
		{D31B85D9-A4BE-246C-21B5-77B942A1C0CB}.Debug|Any CPU.ActiveCfg = Debug|Any CPU
		{D31B85D9-A4BE-246C-21B5-77B942A1C0CB}.Debug|Any CPU.Build.0 = Debug|Any CPU
		{D31B85D9-A4BE-246C-21B5-77B942A1C0CB}.Release|Any CPU.ActiveCfg = Release|Any CPU
		{D31B85D9-A4BE-246C-21B5-77B942A1C0CB}.Release|Any CPU.Build.0 = Release|Any CPU
		{82D5C46E-89D2-19F8-E193-8CD2A2B09D55}.Debug|Any CPU.ActiveCfg = Debug|Any CPU
		{82D5C46E-89D2-19F8-E193-8CD2A2B09D55}.Debug|Any CPU.Build.0 = Debug|Any CPU
		{82D5C46E-89D2-19F8-E193-8CD2A2B09D55}.Release|Any CPU.ActiveCfg = Release|Any CPU
		{82D5C46E-89D2-19F8-E193-8CD2A2B09D55}.Release|Any CPU.Build.0 = Release|Any CPU
		{0C52E89F-F5E1-D07F-94AB-903DB2DEC33B}.Debug|Any CPU.ActiveCfg = Debug|Any CPU
		{0C52E89F-F5E1-D07F-94AB-903DB2DEC33B}.Debug|Any CPU.Build.0 = Debug|Any CPU
		{0C52E89F-F5E1-D07F-94AB-903DB2DEC33B}.Release|Any CPU.ActiveCfg = Release|Any CPU
		{0C52E89F-F5E1-D07F-94AB-903DB2DEC33B}.Release|Any CPU.Build.0 = Release|Any CPU
		{7B2693C7-3A01-065E-D8F4-9E824B5CCDF8}.Debug|Any CPU.ActiveCfg = Debug|Any CPU
		{7B2693C7-3A01-065E-D8F4-9E824B5CCDF8}.Debug|Any CPU.Build.0 = Debug|Any CPU
		{7B2693C7-3A01-065E-D8F4-9E824B5CCDF8}.Release|Any CPU.ActiveCfg = Release|Any CPU
		{7B2693C7-3A01-065E-D8F4-9E824B5CCDF8}.Release|Any CPU.Build.0 = Release|Any CPU
		{6CBA5843-2136-4780-4545-A698FFA8C4AF}.Debug|Any CPU.ActiveCfg = Debug|Any CPU
		{6CBA5843-2136-4780-4545-A698FFA8C4AF}.Debug|Any CPU.Build.0 = Debug|Any CPU
		{6CBA5843-2136-4780-4545-A698FFA8C4AF}.Release|Any CPU.ActiveCfg = Release|Any CPU
		{6CBA5843-2136-4780-4545-A698FFA8C4AF}.Release|Any CPU.Build.0 = Release|Any CPU
		{DB442881-F534-8287-8120-5AC3EBF69417}.Debug|Any CPU.ActiveCfg = Debug|Any CPU
		{DB442881-F534-8287-8120-5AC3EBF69417}.Debug|Any CPU.Build.0 = Debug|Any CPU
		{DB442881-F534-8287-8120-5AC3EBF69417}.Release|Any CPU.ActiveCfg = Release|Any CPU
		{DB442881-F534-8287-8120-5AC3EBF69417}.Release|Any CPU.Build.0 = Release|Any CPU
		{58F23D49-CA8E-D4FB-59B8-E04374BD70A4}.Debug|Any CPU.ActiveCfg = Debug|Any CPU
		{58F23D49-CA8E-D4FB-59B8-E04374BD70A4}.Debug|Any CPU.Build.0 = Debug|Any CPU
		{58F23D49-CA8E-D4FB-59B8-E04374BD70A4}.Release|Any CPU.ActiveCfg = Release|Any CPU
		{58F23D49-CA8E-D4FB-59B8-E04374BD70A4}.Release|Any CPU.Build.0 = Release|Any CPU
		{97770AEC-FC08-8311-B67A-8AF514088096}.Debug|Any CPU.ActiveCfg = Debug|Any CPU
		{97770AEC-FC08-8311-B67A-8AF514088096}.Debug|Any CPU.Build.0 = Debug|Any CPU
		{97770AEC-FC08-8311-B67A-8AF514088096}.Release|Any CPU.ActiveCfg = Release|Any CPU
		{97770AEC-FC08-8311-B67A-8AF514088096}.Release|Any CPU.Build.0 = Release|Any CPU
		{66F63ACC-8D76-9949-F939-3F60FFFC06C0}.Debug|Any CPU.ActiveCfg = Debug|Any CPU
		{66F63ACC-8D76-9949-F939-3F60FFFC06C0}.Debug|Any CPU.Build.0 = Debug|Any CPU
		{66F63ACC-8D76-9949-F939-3F60FFFC06C0}.Release|Any CPU.ActiveCfg = Release|Any CPU
		{66F63ACC-8D76-9949-F939-3F60FFFC06C0}.Release|Any CPU.Build.0 = Release|Any CPU
		{ADDAB305-20BC-61E1-9591-7FFA7F96C9D5}.Debug|Any CPU.ActiveCfg = Debug|Any CPU
		{ADDAB305-20BC-61E1-9591-7FFA7F96C9D5}.Debug|Any CPU.Build.0 = Debug|Any CPU
		{ADDAB305-20BC-61E1-9591-7FFA7F96C9D5}.Release|Any CPU.ActiveCfg = Release|Any CPU
		{ADDAB305-20BC-61E1-9591-7FFA7F96C9D5}.Release|Any CPU.Build.0 = Release|Any CPU
	EndGlobalSection
	GlobalSection(SolutionProperties) = preSolution
		HideSolutionNode = FALSE
	EndGlobalSection
EndGlobal
